
Microsoft Visual Studio Solution File, Format Version 12.00
# Visual Studio Version 16
VisualStudioVersion = 16.0.32126.315
MinimumVisualStudioVersion = 10.0.40219.1
Project("{9A19103F-16F7-4668-BE54-9A1E7A4F7556}") = "GenericRepositoryWithAuthentication.API", "GenericRepositoryWithAuthentication.API\GenericRepositoryWithAuthentication.API.csproj", "{15A8128C-73D3-4EE5-9784-74D35EA9F801}"
EndProject
Project("{9A19103F-16F7-4668-BE54-9A1E7A4F7556}") = "GenericRepositoryWithAuthentication.Core", "GenericRepositoryWithAuthentication.Core\GenericRepositoryWithAuthentication.Core.csproj", "{9C287F20-672E-4E74-8752-49F0C9894828}"
EndProject
Project("{9A19103F-16F7-4668-BE54-9A1E7A4F7556}") = "GenericRepositoryWithAuthentication.Data", "GenericRepositoryWithAuthentication.Data\GenericRepositoryWithAuthentication.Data.csproj", "{046D311A-659C-452E-8584-ABC336F427FB}"
EndProject
Project("{9A19103F-16F7-4668-BE54-9A1E7A4F7556}") = "GenericRepositoryWithAuthentication.Service", "GenericRepositoryWithAuthentication.Service\GenericRepositoryWithAuthentication.Service.csproj", "{3D8542A5-27AE-4A4E-983E-D1C3F091A1FD}"
EndProject
Project("{FAE04EC0-301F-11D3-BF4B-00C04F79EFBC}") = "GenericRepositoryWithAuthentication.Tests", "GenericRepositoryWithAuthentication.Tests\GenericRepositoryWithAuthentication.Tests.csproj", "{5D5DF75A-A03F-47D8-B7F7-4B4E3FAFA369}"
EndProject
Global
	GlobalSection(SolutionConfigurationPlatforms) = preSolution
		Debug|Any CPU = Debug|Any CPU
		Release|Any CPU = Release|Any CPU
	EndGlobalSection
	GlobalSection(ProjectConfigurationPlatforms) = postSolution
		{15A8128C-73D3-4EE5-9784-74D35EA9F801}.Debug|Any CPU.ActiveCfg = Debug|Any CPU
		{15A8128C-73D3-4EE5-9784-74D35EA9F801}.Debug|Any CPU.Build.0 = Debug|Any CPU
		{15A8128C-73D3-4EE5-9784-74D35EA9F801}.Release|Any CPU.ActiveCfg = Release|Any CPU
		{15A8128C-73D3-4EE5-9784-74D35EA9F801}.Release|Any CPU.Build.0 = Release|Any CPU
		{9C287F20-672E-4E74-8752-49F0C9894828}.Debug|Any CPU.ActiveCfg = Debug|Any CPU
		{9C287F20-672E-4E74-8752-49F0C9894828}.Debug|Any CPU.Build.0 = Debug|Any CPU
		{9C287F20-672E-4E74-8752-49F0C9894828}.Release|Any CPU.ActiveCfg = Release|Any CPU
		{9C287F20-672E-4E74-8752-49F0C9894828}.Release|Any CPU.Build.0 = Release|Any CPU
		{046D311A-659C-452E-8584-ABC336F427FB}.Debug|Any CPU.ActiveCfg = Debug|Any CPU
		{046D311A-659C-452E-8584-ABC336F427FB}.Debug|Any CPU.Build.0 = Debug|Any CPU
		{046D311A-659C-452E-8584-ABC336F427FB}.Release|Any CPU.ActiveCfg = Release|Any CPU
		{046D311A-659C-452E-8584-ABC336F427FB}.Release|Any CPU.Build.0 = Release|Any CPU
		{3D8542A5-27AE-4A4E-983E-D1C3F091A1FD}.Debug|Any CPU.ActiveCfg = Debug|Any CPU
		{3D8542A5-27AE-4A4E-983E-D1C3F091A1FD}.Debug|Any CPU.Build.0 = Debug|Any CPU
		{3D8542A5-27AE-4A4E-983E-D1C3F091A1FD}.Release|Any CPU.ActiveCfg = Release|Any CPU
		{3D8542A5-27AE-4A4E-983E-D1C3F091A1FD}.Release|Any CPU.Build.0 = Release|Any CPU
		{5D5DF75A-A03F-47D8-B7F7-4B4E3FAFA369}.Debug|Any CPU.ActiveCfg = Debug|Any CPU
		{5D5DF75A-A03F-47D8-B7F7-4B4E3FAFA369}.Debug|Any CPU.Build.0 = Debug|Any CPU
		{5D5DF75A-A03F-47D8-B7F7-4B4E3FAFA369}.Release|Any CPU.ActiveCfg = Release|Any CPU
		{5D5DF75A-A03F-47D8-B7F7-4B4E3FAFA369}.Release|Any CPU.Build.0 = Release|Any CPU
	EndGlobalSection
	GlobalSection(SolutionProperties) = preSolution
		HideSolutionNode = FALSE
	EndGlobalSection
	GlobalSection(ExtensibilityGlobals) = postSolution
		SolutionGuid = {85C8360F-1C47-4F3A-BB7A-ED96D0549A61}
	EndGlobalSection
EndGlobal
